// !$*UTF8*$!
{
	archiveVersion = 1;
	classes = {
	};
	objectVersion = 50;
	objects = {

/* Begin PBXBuildFile section */
		71D5D2C1262D01010036DF3B /* AppDelegate.swift in Sources */ = {isa = PBXBuildFile; fileRef = 71D5D2C0262D01010036DF3B /* AppDelegate.swift */; };
		71D5D2C3262D01010036DF3B /* SceneDelegate.swift in Sources */ = {isa = PBXBuildFile; fileRef = 71D5D2C2262D01010036DF3B /* SceneDelegate.swift */; };
		71D5D2C5262D01010036DF3B /* ToDoListViewController.swift in Sources */ = {isa = PBXBuildFile; fileRef = 71D5D2C4262D01010036DF3B /* ToDoListViewController.swift */; };
		71D5D2C8262D01010036DF3B /* Main.storyboard in Resources */ = {isa = PBXBuildFile; fileRef = 71D5D2C6262D01010036DF3B /* Main.storyboard */; };
		71D5D2CA262D01010036DF3B /* Assets.xcassets in Resources */ = {isa = PBXBuildFile; fileRef = 71D5D2C9262D01010036DF3B /* Assets.xcassets */; };
		71D5D2CD262D01010036DF3B /* LaunchScreen.storyboard in Resources */ = {isa = PBXBuildFile; fileRef = 71D5D2CB262D01010036DF3B /* LaunchScreen.storyboard */; };
		71D5D2D6262D199A0036DF3B /* SampleData.swift in Sources */ = {isa = PBXBuildFile; fileRef = 71D5D2D5262D199A0036DF3B /* SampleData.swift */; };
		71D5D2DC262D5F460036DF3B /* ToDoViewController.swift in Sources */ = {isa = PBXBuildFile; fileRef = 71D5D2DB262D5F460036DF3B /* ToDoViewController.swift */; };
		71FC01D7262E999600B04C58 /* Item.swift in Sources */ = {isa = PBXBuildFile; fileRef = 71FC01D6262E999600B04C58 /* Item.swift */; };
/* End PBXBuildFile section */

/* Begin PBXFileReference section */
		71D5D2BD262D01010036DF3B /* ToDoList.app */ = {isa = PBXFileReference; explicitFileType = wrapper.application; includeInIndex = 0; path = ToDoList.app; sourceTree = BUILT_PRODUCTS_DIR; };
		71D5D2C0262D01010036DF3B /* AppDelegate.swift */ = {isa = PBXFileReference; lastKnownFileType = sourcecode.swift; path = AppDelegate.swift; sourceTree = "<group>"; };
		71D5D2C2262D01010036DF3B /* SceneDelegate.swift */ = {isa = PBXFileReference; lastKnownFileType = sourcecode.swift; path = SceneDelegate.swift; sourceTree = "<group>"; };
		71D5D2C4262D01010036DF3B /* ToDoListViewController.swift */ = {isa = PBXFileReference; lastKnownFileType = sourcecode.swift; path = ToDoListViewController.swift; sourceTree = "<group>"; };
		71D5D2C7262D01010036DF3B /* Base */ = {isa = PBXFileReference; lastKnownFileType = file.storyboard; name = Base; path = Base.lproj/Main.storyboard; sourceTree = "<group>"; };
		71D5D2C9262D01010036DF3B /* Assets.xcassets */ = {isa = PBXFileReference; lastKnownFileType = folder.assetcatalog; path = Assets.xcassets; sourceTree = "<group>"; };
		71D5D2CC262D01010036DF3B /* Base */ = {isa = PBXFileReference; lastKnownFileType = file.storyboard; name = Base; path = Base.lproj/LaunchScreen.storyboard; sourceTree = "<group>"; };
		71D5D2CE262D01010036DF3B /* Info.plist */ = {isa = PBXFileReference; lastKnownFileType = text.plist.xml; path = Info.plist; sourceTree = "<group>"; };
		71D5D2D5262D199A0036DF3B /* SampleData.swift */ = {isa = PBXFileReference; lastKnownFileType = sourcecode.swift; path = SampleData.swift; sourceTree = "<group>"; };
		71D5D2DB262D5F460036DF3B /* ToDoViewController.swift */ = {isa = PBXFileReference; lastKnownFileType = sourcecode.swift; path = ToDoViewController.swift; sourceTree = "<group>"; };
		71FC01D6262E999600B04C58 /* Item.swift */ = {isa = PBXFileReference; lastKnownFileType = sourcecode.swift; path = Item.swift; sourceTree = "<group>"; };
/* End PBXFileReference section */

/* Begin PBXFrameworksBuildPhase section */
		71D5D2BA262D01010036DF3B /* Frameworks */ = {
			isa = PBXFrameworksBuildPhase;
			buildActionMask = 2147483647;
			files = (
			);
			runOnlyForDeploymentPostprocessing = 0;
		};
/* End PBXFrameworksBuildPhase section */

/* Begin PBXGroup section */
		71D5D2B4262D01010036DF3B = {
			isa = PBXGroup;
			children = (
				71D5D2C0262D01010036DF3B /* AppDelegate.swift */,
				71D5D2C2262D01010036DF3B /* SceneDelegate.swift */,
				71D5D2C9262D01010036DF3B /* Assets.xcassets */,
				71D5D2CB262D01010036DF3B /* LaunchScreen.storyboard */,
				71D5D2C6262D01010036DF3B /* Main.storyboard */,
				71D5D2CE262D01010036DF3B /* Info.plist */,
				71D5D2E1262D5FC90036DF3B /* AddToDoViewController */,
				71D5D2D8262D4BE50036DF3B /* SampleData */,
				71D5D2BF262D01010036DF3B /* ToDoList */,
				71D5D2BE262D01010036DF3B /* Products */,
			);
			sourceTree = "<group>";
		};
		71D5D2BE262D01010036DF3B /* Products */ = {
			isa = PBXGroup;
			children = (
				71D5D2BD262D01010036DF3B /* ToDoList.app */,
			);
			name = Products;
			sourceTree = "<group>";
		};
		71D5D2BF262D01010036DF3B /* ToDoList */ = {
			isa = PBXGroup;
			children = (
				71D5D2C4262D01010036DF3B /* ToDoListViewController.swift */,
			);
			path = ToDoList;
			sourceTree = "<group>";
		};
		71D5D2D8262D4BE50036DF3B /* SampleData */ = {
			isa = PBXGroup;
			children = (
				71D5D2D5262D199A0036DF3B /* SampleData.swift */,
			);
			path = SampleData;
			sourceTree = "<group>";
		};
		71D5D2E1262D5FC90036DF3B /* AddToDoViewController */ = {
			isa = PBXGroup;
			children = (
				71D5D2DB262D5F460036DF3B /* ToDoViewController.swift */,
			);
			name = AddToDoViewController;
			sourceTree = "<group>";
		};
/* End PBXGroup section */

/* Begin PBXNativeTarget section */
		71D5D2BC262D01010036DF3B /* ToDoList */ = {
			isa = PBXNativeTarget;
			buildConfigurationList = 71D5D2D1262D01010036DF3B /* Build configuration list for PBXNativeTarget "ToDoList" */;
			buildPhases = (
				71D5D2B9262D01010036DF3B /* Sources */,
				71D5D2BA262D01010036DF3B /* Frameworks */,
				71D5D2BB262D01010036DF3B /* Resources */,
			);
			buildRules = (
			);
			dependencies = (
			);
			name = ToDoList;
			productName = ToDoList;
			productReference = 71D5D2BD262D01010036DF3B /* ToDoList.app */;
			productType = "com.apple.product-type.application";
		};
/* End PBXNativeTarget section */

/* Begin PBXProject section */
		71D5D2B5262D01010036DF3B /* Project object */ = {
			isa = PBXProject;
			attributes = {
				LastSwiftUpdateCheck = 1230;
				LastUpgradeCheck = 1230;
				TargetAttributes = {
					71D5D2BC262D01010036DF3B = {
						CreatedOnToolsVersion = 12.3;
					};
				};
			};
			buildConfigurationList = 71D5D2B8262D01010036DF3B /* Build configuration list for PBXProject "ToDoList" */;
			compatibilityVersion = "Xcode 9.3";
			developmentRegion = en;
			hasScannedForEncodings = 0;
			knownRegions = (
				en,
				Base,
			);
			mainGroup = 71D5D2B4262D01010036DF3B;
			productRefGroup = 71D5D2BE262D01010036DF3B /* Products */;
			projectDirPath = "";
			projectRoot = "";
			targets = (
				71D5D2BC262D01010036DF3B /* ToDoList */,
			);
		};
/* End PBXProject section */

/* Begin PBXResourcesBuildPhase section */
		71D5D2BB262D01010036DF3B /* Resources */ = {
			isa = PBXResourcesBuildPhase;
			buildActionMask = 2147483647;
			files = (
				71D5D2CD262D01010036DF3B /* LaunchScreen.storyboard in Resources */,
				71D5D2CA262D01010036DF3B /* Assets.xcassets in Resources */,
				71D5D2C8262D01010036DF3B /* Main.storyboard in Resources */,
			);
			runOnlyForDeploymentPostprocessing = 0;
		};
/* End PBXResourcesBuildPhase section */

/* Begin PBXSourcesBuildPhase section */
		71D5D2B9262D01010036DF3B /* Sources */ = {
			isa = PBXSourcesBuildPhase;
			buildActionMask = 2147483647;
			files = (
				71D5D2C5262D01010036DF3B /* ToDoListViewController.swift in Sources */,
				71D5D2C1262D01010036DF3B /* AppDelegate.swift in Sources */,
				71D5D2DC262D5F460036DF3B /* ToDoViewController.swift in Sources */,
				71D5D2C3262D01010036DF3B /* SceneDelegate.swift in Sources */,
				71D5D2D6262D199A0036DF3B /* SampleData.swift in Sources */,
			);
			runOnlyForDeploymentPostprocessing = 0;
		};
/* End PBXSourcesBuildPhase section */

/* Begin PBXVariantGroup section */
		71D5D2C6262D01010036DF3B /* Main.storyboard */ = {
			isa = PBXVariantGroup;
			children = (
				71D5D2C7262D01010036DF3B /* Base */,
			);
			name = Main.storyboard;
			sourceTree = "<group>";
		};
		71D5D2CB262D01010036DF3B /* LaunchScreen.storyboard */ = {
			isa = PBXVariantGroup;
			children = (
				71D5D2CC262D01010036DF3B /* Base */,
			);
			name = LaunchScreen.storyboard;
			sourceTree = "<group>";
		};
/* End PBXVariantGroup section */

/* Begin XCBuildConfiguration section */
		71D5D2CF262D01010036DF3B /* Debug */ = {
			isa = XCBuildConfiguration;
			buildSettings = {
				ALWAYS_SEARCH_USER_PATHS = NO;
				CLANG_ANALYZER_NONNULL = YES;
				CLANG_ANALYZER_NUMBER_OBJECT_CONVERSION = YES_AGGRESSIVE;
				CLANG_CXX_LANGUAGE_STANDARD = "gnu++14";
				CLANG_CXX_LIBRARY = "libc++";
				CLANG_ENABLE_MODULES = YES;
				CLANG_ENABLE_OBJC_ARC = YES;
				CLANG_ENABLE_OBJC_WEAK = YES;
				CLANG_WARN_BLOCK_CAPTURE_AUTORELEASING = YES;
				CLANG_WARN_BOOL_CONVERSION = YES;
				CLANG_WARN_COMMA = YES;
				CLANG_WARN_CONSTANT_CONVERSION = YES;
				CLANG_WARN_DEPRECATED_OBJC_IMPLEMENTATIONS = YES;
				CLANG_WARN_DIRECT_OBJC_ISA_USAGE = YES_ERROR;
				CLANG_WARN_DOCUMENTATION_COMMENTS = YES;
				CLANG_WARN_EMPTY_BODY = YES;
				CLANG_WARN_ENUM_CONVERSION = YES;
				CLANG_WARN_INFINITE_RECURSION = YES;
				CLANG_WARN_INT_CONVERSION = YES;
				CLANG_WARN_NON_LITERAL_NULL_CONVERSION = YES;
				CLANG_WARN_OBJC_IMPLICIT_RETAIN_SELF = YES;
				CLANG_WARN_OBJC_LITERAL_CONVERSION = YES;
				CLANG_WARN_OBJC_ROOT_CLASS = YES_ERROR;
				CLANG_WARN_QUOTED_INCLUDE_IN_FRAMEWORK_HEADER = YES;
				CLANG_WARN_RANGE_LOOP_ANALYSIS = YES;
				CLANG_WARN_STRICT_PROTOTYPES = YES;
				CLANG_WARN_SUSPICIOUS_MOVE = YES;
				CLANG_WARN_UNGUARDED_AVAILABILITY = YES_AGGRESSIVE;
				CLANG_WARN_UNREACHABLE_CODE = YES;
				CLANG_WARN__DUPLICATE_METHOD_MATCH = YES;
				COPY_PHASE_STRIP = NO;
				DEBUG_INFORMATION_FORMAT = dwarf;
				ENABLE_STRICT_OBJC_MSGSEND = YES;
				ENABLE_TESTABILITY = YES;
				GCC_C_LANGUAGE_STANDARD = gnu11;
				GCC_DYNAMIC_NO_PIC = NO;
				GCC_NO_COMMON_BLOCKS = YES;
				GCC_OPTIMIZATION_LEVEL = 0;
				GCC_PREPROCESSOR_DEFINITIONS = (
					"DEBUG=1",
					"$(inherited)",
				);
				GCC_WARN_64_TO_32_BIT_CONVERSION = YES;
				GCC_WARN_ABOUT_RETURN_TYPE = YES_ERROR;
				GCC_WARN_UNDECLARED_SELECTOR = YES;
				GCC_WARN_UNINITIALIZED_AUTOS = YES_AGGRESSIVE;
				GCC_WARN_UNUSED_FUNCTION = YES;
				GCC_WARN_UNUSED_VARIABLE = YES;
				IPHONEOS_DEPLOYMENT_TARGET = 14.3;
				MTL_ENABLE_DEBUG_INFO = INCLUDE_SOURCE;
				MTL_FAST_MATH = YES;
				ONLY_ACTIVE_ARCH = YES;
				SDKROOT = iphoneos;
				SWIFT_ACTIVE_COMPILATION_CONDITIONS = DEBUG;
				SWIFT_OPTIMIZATION_LEVEL = "-Onone";
			};
			name = Debug;
		};
		71D5D2D0262D01010036DF3B /* Release */ = {
			isa = XCBuildConfiguration;
			buildSettings = {
				ALWAYS_SEARCH_USER_PATHS = NO;
				CLANG_ANALYZER_NONNULL = YES;
				CLANG_ANALYZER_NUMBER_OBJECT_CONVERSION = YES_AGGRESSIVE;
				CLANG_CXX_LANGUAGE_STANDARD = "gnu++14";
				CLANG_CXX_LIBRARY = "libc++";
				CLANG_ENABLE_MODULES = YES;
				CLANG_ENABLE_OBJC_ARC = YES;
				CLANG_ENABLE_OBJC_WEAK = YES;
				CLANG_WARN_BLOCK_CAPTURE_AUTORELEASING = YES;
				CLANG_WARN_BOOL_CONVERSION = YES;
				CLANG_WARN_COMMA = YES;
				CLANG_WARN_CONSTANT_CONVERSION = YES;
				CLANG_WARN_DEPRECATED_OBJC_IMPLEMENTATIONS = YES;
				CLANG_WARN_DIRECT_OBJC_ISA_USAGE = YES_ERROR;
				CLANG_WARN_DOCUMENTATION_COMMENTS = YES;
				CLANG_WARN_EMPTY_BODY = YES;
				CLANG_WARN_ENUM_CONVERSION = YES;
				CLANG_WARN_INFINITE_RECURSION = YES;
				CLANG_WARN_INT_CONVERSION = YES;
				CLANG_WARN_NON_LITERAL_NULL_CONVERSION = YES;
				CLANG_WARN_OBJC_IMPLICIT_RETAIN_SELF = YES;
				CLANG_WARN_OBJC_LITERAL_CONVERSION = YES;
				CLANG_WARN_OBJC_ROOT_CLASS = YES_ERROR;
				CLANG_WARN_QUOTED_INCLUDE_IN_FRAMEWORK_HEADER = YES;
				CLANG_WARN_RANGE_LOOP_ANALYSIS = YES;
				CLANG_WARN_STRICT_PROTOTYPES = YES;
				CLANG_WARN_SUSPICIOUS_MOVE = YES;
				CLANG_WARN_UNGUARDED_AVAILABILITY = YES_AGGRESSIVE;
				CLANG_WARN_UNREACHABLE_CODE = YES;
				CLANG_WARN__DUPLICATE_METHOD_MATCH = YES;
				COPY_PHASE_STRIP = NO;
				DEBUG_INFORMATION_FORMAT = "dwarf-with-dsym";
				ENABLE_NS_ASSERTIONS = NO;
				ENABLE_STRICT_OBJC_MSGSEND = YES;
				GCC_C_LANGUAGE_STANDARD = gnu11;
				GCC_NO_COMMON_BLOCKS = YES;
				GCC_WARN_64_TO_32_BIT_CONVERSION = YES;
				GCC_WARN_ABOUT_RETURN_TYPE = YES_ERROR;
				GCC_WARN_UNDECLARED_SELECTOR = YES;
				GCC_WARN_UNINITIALIZED_AUTOS = YES_AGGRESSIVE;
				GCC_WARN_UNUSED_FUNCTION = YES;
				GCC_WARN_UNUSED_VARIABLE = YES;
				IPHONEOS_DEPLOYMENT_TARGET = 14.3;
				MTL_ENABLE_DEBUG_INFO = NO;
				MTL_FAST_MATH = YES;
				SDKROOT = iphoneos;
				SWIFT_COMPILATION_MODE = wholemodule;
				SWIFT_OPTIMIZATION_LEVEL = "-O";
				VALIDATE_PRODUCT = YES;
			};
			name = Release;
		};
		71D5D2D2262D01010036DF3B /* Debug */ = {
			isa = XCBuildConfiguration;
			buildSettings = {
				ASSETCATALOG_COMPILER_APPICON_NAME = AppIcon;
				ASSETCATALOG_COMPILER_GLOBAL_ACCENT_COLOR_NAME = AccentColor;
				CODE_SIGN_STYLE = Automatic;
				DEVELOPMENT_TEAM = PTUKDUTHP4;
				INFOPLIST_FILE = "$(SRCROOT)/Info.plist";
				LD_RUNPATH_SEARCH_PATHS = (
					"$(inherited)",
					"@executable_path/Frameworks",
				);
				PRODUCT_BUNDLE_IDENTIFIER = "daito-yamashita.ToDoList";
				PRODUCT_NAME = "$(TARGET_NAME)";
				SWIFT_VERSION = 5.0;
				TARGETED_DEVICE_FAMILY = "1,2";
			};
			name = Debug;
		};
		71D5D2D3262D01010036DF3B /* Release */ = {
			isa = XCBuildConfiguration;
			buildSettings = {
				ASSETCATALOG_COMPILER_APPICON_NAME = AppIcon;
				ASSETCATALOG_COMPILER_GLOBAL_ACCENT_COLOR_NAME = AccentColor;
				CODE_SIGN_STYLE = Automatic;
				DEVELOPMENT_TEAM = PTUKDUTHP4;
				INFOPLIST_FILE = "$(SRCROOT)/Info.plist";
				LD_RUNPATH_SEARCH_PATHS = (
					"$(inherited)",
					"@executable_path/Frameworks",
				);
				PRODUCT_BUNDLE_IDENTIFIER = "daito-yamashita.ToDoList";
				PRODUCT_NAME = "$(TARGET_NAME)";
				SWIFT_VERSION = 5.0;
				TARGETED_DEVICE_FAMILY = "1,2";
			};
			name = Release;
		};
/* End XCBuildConfiguration section */

/* Begin XCConfigurationList section */
		71D5D2B8262D01010036DF3B /* Build configuration list for PBXProject "ToDoList" */ = {
			isa = XCConfigurationList;
			buildConfigurations = (
				71D5D2CF262D01010036DF3B /* Debug */,
				71D5D2D0262D01010036DF3B /* Release */,
			);
			defaultConfigurationIsVisible = 0;
			defaultConfigurationName = Release;
		};
		71D5D2D1262D01010036DF3B /* Build configuration list for PBXNativeTarget "ToDoList" */ = {
			isa = XCConfigurationList;
			buildConfigurations = (
				71D5D2D2262D01010036DF3B /* Debug */,
				71D5D2D3262D01010036DF3B /* Release */,
			);
			defaultConfigurationIsVisible = 0;
			defaultConfigurationName = Release;
		};
/* End XCConfigurationList section */
	};
	rootObject = 71D5D2B5262D01010036DF3B /* Project object */;
}
